// !$*UTF8*$!
{
	archiveVersion = 1;
	classes = {
	};
	objectVersion = 56;
	objects = {

/* Begin PBXBuildFile section */
		EA292C532C14D56900ABE98D /* UnicornMultiplicationApp.swift in Sources */ = {isa = PBXBuildFile; fileRef = EA292C522C14D56900ABE98D /* UnicornMultiplicationApp.swift */; };
		EA292C552C14D56900ABE98D /* ContentView.swift in Sources */ = {isa = PBXBuildFile; fileRef = EA292C542C14D56900ABE98D /* ContentView.swift */; };
		EA292C572C14D56A00ABE98D /* Assets.xcassets in Resources */ = {isa = PBXBuildFile; fileRef = EA292C562C14D56A00ABE98D /* Assets.xcassets */; };
		EA292C5A2C14D56A00ABE98D /* Preview Assets.xcassets in Resources */ = {isa = PBXBuildFile; fileRef = EA292C592C14D56A00ABE98D /* Preview Assets.xcassets */; };
		EA292C612C14E4E600ABE98D /* MultiplicationGame.swift in Sources */ = {isa = PBXBuildFile; fileRef = EA292C602C14E4E600ABE98D /* MultiplicationGame.swift */; };
		EAFD603E2C1E6028000AF925 /* DropshadowText.swift in Sources */ = {isa = PBXBuildFile; fileRef = EAFD603D2C1E6028000AF925 /* DropshadowText.swift */; };
		EAFD604A2C1E73F4000AF925 /* Papernotes.ttf in Resources */ = {isa = PBXBuildFile; fileRef = EAFD60492C1E73F4000AF925 /* Papernotes.ttf */; };
		EAFD604C2C1E834F000AF925 /* AnswerCloud.swift in Sources */ = {isa = PBXBuildFile; fileRef = EAFD604B2C1E834F000AF925 /* AnswerCloud.swift */; };
/* End PBXBuildFile section */

/* Begin PBXFileReference section */
		EA292C4F2C14D56900ABE98D /* UnicornMultiplication.app */ = {isa = PBXFileReference; explicitFileType = wrapper.application; includeInIndex = 0; path = UnicornMultiplication.app; sourceTree = BUILT_PRODUCTS_DIR; };
		EA292C522C14D56900ABE98D /* UnicornMultiplicationApp.swift */ = {isa = PBXFileReference; lastKnownFileType = sourcecode.swift; path = UnicornMultiplicationApp.swift; sourceTree = "<group>"; };
		EA292C542C14D56900ABE98D /* ContentView.swift */ = {isa = PBXFileReference; lastKnownFileType = sourcecode.swift; path = ContentView.swift; sourceTree = "<group>"; };
		EA292C562C14D56A00ABE98D /* Assets.xcassets */ = {isa = PBXFileReference; lastKnownFileType = folder.assetcatalog; path = Assets.xcassets; sourceTree = "<group>"; };
		EA292C592C14D56A00ABE98D /* Preview Assets.xcassets */ = {isa = PBXFileReference; lastKnownFileType = folder.assetcatalog; path = "Preview Assets.xcassets"; sourceTree = "<group>"; };
		EA292C602C14E4E600ABE98D /* MultiplicationGame.swift */ = {isa = PBXFileReference; lastKnownFileType = sourcecode.swift; path = MultiplicationGame.swift; sourceTree = "<group>"; };
		EAFD603D2C1E6028000AF925 /* DropshadowText.swift */ = {isa = PBXFileReference; lastKnownFileType = sourcecode.swift; path = DropshadowText.swift; sourceTree = "<group>"; };
		EAFD60442C1E6634000AF925 /* Info.plist */ = {isa = PBXFileReference; lastKnownFileType = text.plist; path = Info.plist; sourceTree = "<group>"; };
		EAFD60492C1E73F4000AF925 /* Papernotes.ttf */ = {isa = PBXFileReference; lastKnownFileType = file; path = Papernotes.ttf; sourceTree = "<group>"; };
		EAFD604B2C1E834F000AF925 /* AnswerCloud.swift */ = {isa = PBXFileReference; lastKnownFileType = sourcecode.swift; path = AnswerCloud.swift; sourceTree = "<group>"; };
/* End PBXFileReference section */

/* Begin PBXFrameworksBuildPhase section */
		EA292C4C2C14D56900ABE98D /* Frameworks */ = {
			isa = PBXFrameworksBuildPhase;
			buildActionMask = 2147483647;
			files = (
			);
			runOnlyForDeploymentPostprocessing = 0;
		};
/* End PBXFrameworksBuildPhase section */

/* Begin PBXGroup section */
		EA292C462C14D56900ABE98D = {
			isa = PBXGroup;
			children = (
				EA292C512C14D56900ABE98D /* UnicornMultiplication */,
				EA292C502C14D56900ABE98D /* Products */,
			);
			sourceTree = "<group>";
		};
		EA292C502C14D56900ABE98D /* Products */ = {
			isa = PBXGroup;
			children = (
				EA292C4F2C14D56900ABE98D /* UnicornMultiplication.app */,
			);
			name = Products;
			sourceTree = "<group>";
		};
		EA292C512C14D56900ABE98D /* UnicornMultiplication */ = {
			isa = PBXGroup;
			children = (
				EAFD60442C1E6634000AF925 /* Info.plist */,
				EA292C522C14D56900ABE98D /* UnicornMultiplicationApp.swift */,
				EA292C542C14D56900ABE98D /* ContentView.swift */,
				EA292C562C14D56A00ABE98D /* Assets.xcassets */,
				EA292C582C14D56A00ABE98D /* Preview Content */,
				EA292C602C14E4E600ABE98D /* MultiplicationGame.swift */,
				EAFD603D2C1E6028000AF925 /* DropshadowText.swift */,
				EAFD60492C1E73F4000AF925 /* Papernotes.ttf */,
				EAFD604B2C1E834F000AF925 /* AnswerCloud.swift */,
			);
			path = UnicornMultiplication;
			sourceTree = "<group>";
		};
		EA292C582C14D56A00ABE98D /* Preview Content */ = {
			isa = PBXGroup;
			children = (
				EA292C592C14D56A00ABE98D /* Preview Assets.xcassets */,
			);
			path = "Preview Content";
			sourceTree = "<group>";
		};
/* End PBXGroup section */

/* Begin PBXNativeTarget section */
		EA292C4E2C14D56900ABE98D /* UnicornMultiplication */ = {
			isa = PBXNativeTarget;
			buildConfigurationList = EA292C5D2C14D56A00ABE98D /* Build configuration list for PBXNativeTarget "UnicornMultiplication" */;
			buildPhases = (
				EA292C4B2C14D56900ABE98D /* Sources */,
				EA292C4C2C14D56900ABE98D /* Frameworks */,
				EA292C4D2C14D56900ABE98D /* Resources */,
			);
			buildRules = (
			);
			dependencies = (
			);
			name = UnicornMultiplication;
			productName = UnicornMultiplication;
			productReference = EA292C4F2C14D56900ABE98D /* UnicornMultiplication.app */;
			productType = "com.apple.product-type.application";
		};
/* End PBXNativeTarget section */

/* Begin PBXProject section */
		EA292C472C14D56900ABE98D /* Project object */ = {
			isa = PBXProject;
			attributes = {
				BuildIndependentTargetsInParallel = 1;
				LastSwiftUpdateCheck = 1540;
				LastUpgradeCheck = 1540;
				TargetAttributes = {
					EA292C4E2C14D56900ABE98D = {
						CreatedOnToolsVersion = 15.4;
					};
				};
			};
			buildConfigurationList = EA292C4A2C14D56900ABE98D /* Build configuration list for PBXProject "UnicornMultiplication" */;
			compatibilityVersion = "Xcode 14.0";
			developmentRegion = en;
			hasScannedForEncodings = 0;
			knownRegions = (
				en,
				Base,
			);
			mainGroup = EA292C462C14D56900ABE98D;
			productRefGroup = EA292C502C14D56900ABE98D /* Products */;
			projectDirPath = "";
			projectRoot = "";
			targets = (
				EA292C4E2C14D56900ABE98D /* UnicornMultiplication */,
			);
		};
/* End PBXProject section */

/* Begin PBXResourcesBuildPhase section */
		EA292C4D2C14D56900ABE98D /* Resources */ = {
			isa = PBXResourcesBuildPhase;
			buildActionMask = 2147483647;
			files = (
				EA292C5A2C14D56A00ABE98D /* Preview Assets.xcassets in Resources */,
				EA292C572C14D56A00ABE98D /* Assets.xcassets in Resources */,
				EAFD604A2C1E73F4000AF925 /* Papernotes.ttf in Resources */,
			);
			runOnlyForDeploymentPostprocessing = 0;
		};
/* End PBXResourcesBuildPhase section */

/* Begin PBXSourcesBuildPhase section */
		EA292C4B2C14D56900ABE98D /* Sources */ = {
			isa = PBXSourcesBuildPhase;
			buildActionMask = 2147483647;
			files = (
				EA292C552C14D56900ABE98D /* ContentView.swift in Sources */,
				EA292C612C14E4E600ABE98D /* MultiplicationGame.swift in Sources */,
				EA292C532C14D56900ABE98D /* UnicornMultiplicationApp.swift in Sources */,
				EAFD604C2C1E834F000AF925 /* AnswerCloud.swift in Sources */,
				EAFD603E2C1E6028000AF925 /* DropshadowText.swift in Sources */,
			);
			runOnlyForDeploymentPostprocessing = 0;
		};
/* End PBXSourcesBuildPhase section */

/* Begin XCBuildConfiguration section */
		EA292C5B2C14D56A00ABE98D /* Debug */ = {
			isa = XCBuildConfiguration;
			buildSettings = {
				ALWAYS_SEARCH_USER_PATHS = NO;
				ASSETCATALOG_COMPILER_GENERATE_SWIFT_ASSET_SYMBOL_EXTENSIONS = YES;
				CLANG_ANALYZER_NONNULL = YES;
				CLANG_ANALYZER_NUMBER_OBJECT_CONVERSION = YES_AGGRESSIVE;
				CLANG_CXX_LANGUAGE_STANDARD = "gnu++20";
				CLANG_ENABLE_MODULES = YES;
				CLANG_ENABLE_OBJC_ARC = YES;
				CLANG_ENABLE_OBJC_WEAK = YES;
				CLANG_WARN_BLOCK_CAPTURE_AUTORELEASING = YES;
				CLANG_WARN_BOOL_CONVERSION = YES;
				CLANG_WARN_COMMA = YES;
				CLANG_WARN_CONSTANT_CONVERSION = YES;
				CLANG_WARN_DEPRECATED_OBJC_IMPLEMENTATIONS = YES;
				CLANG_WARN_DIRECT_OBJC_ISA_USAGE = YES_ERROR;
				CLANG_WARN_DOCUMENTATION_COMMENTS = YES;
				CLANG_WARN_EMPTY_BODY = YES;
				CLANG_WARN_ENUM_CONVERSION = YES;
				CLANG_WARN_INFINITE_RECURSION = YES;
				CLANG_WARN_INT_CONVERSION = YES;
				CLANG_WARN_NON_LITERAL_NULL_CONVERSION = YES;
				CLANG_WARN_OBJC_IMPLICIT_RETAIN_SELF = YES;
				CLANG_WARN_OBJC_LITERAL_CONVERSION = YES;
				CLANG_WARN_OBJC_ROOT_CLASS = YES_ERROR;
				CLANG_WARN_QUOTED_INCLUDE_IN_FRAMEWORK_HEADER = YES;
				CLANG_WARN_RANGE_LOOP_ANALYSIS = YES;
				CLANG_WARN_STRICT_PROTOTYPES = YES;
				CLANG_WARN_SUSPICIOUS_MOVE = YES;
				CLANG_WARN_UNGUARDED_AVAILABILITY = YES_AGGRESSIVE;
				CLANG_WARN_UNREACHABLE_CODE = YES;
				CLANG_WARN__DUPLICATE_METHOD_MATCH = YES;
				COPY_PHASE_STRIP = NO;
				DEBUG_INFORMATION_FORMAT = dwarf;
				ENABLE_STRICT_OBJC_MSGSEND = YES;
				ENABLE_TESTABILITY = YES;
				ENABLE_USER_SCRIPT_SANDBOXING = YES;
				GCC_C_LANGUAGE_STANDARD = gnu17;
				GCC_DYNAMIC_NO_PIC = NO;
				GCC_NO_COMMON_BLOCKS = YES;
				GCC_OPTIMIZATION_LEVEL = 0;
				GCC_PREPROCESSOR_DEFINITIONS = (
					"DEBUG=1",
					"$(inherited)",
				);
				GCC_WARN_64_TO_32_BIT_CONVERSION = YES;
				GCC_WARN_ABOUT_RETURN_TYPE = YES_ERROR;
				GCC_WARN_UNDECLARED_SELECTOR = YES;
				GCC_WARN_UNINITIALIZED_AUTOS = YES_AGGRESSIVE;
				GCC_WARN_UNUSED_FUNCTION = YES;
				GCC_WARN_UNUSED_VARIABLE = YES;
				IPHONEOS_DEPLOYMENT_TARGET = 17.5;
				LOCALIZATION_PREFERS_STRING_CATALOGS = YES;
				MTL_ENABLE_DEBUG_INFO = INCLUDE_SOURCE;
				MTL_FAST_MATH = YES;
				ONLY_ACTIVE_ARCH = YES;
				SDKROOT = iphoneos;
				SWIFT_ACTIVE_COMPILATION_CONDITIONS = "DEBUG $(inherited)";
				SWIFT_OPTIMIZATION_LEVEL = "-Onone";
			};
			name = Debug;
		};
		EA292C5C2C14D56A00ABE98D /* Release */ = {
			isa = XCBuildConfiguration;
			buildSettings = {
				ALWAYS_SEARCH_USER_PATHS = NO;
				ASSETCATALOG_COMPILER_GENERATE_SWIFT_ASSET_SYMBOL_EXTENSIONS = YES;
				CLANG_ANALYZER_NONNULL = YES;
				CLANG_ANALYZER_NUMBER_OBJECT_CONVERSION = YES_AGGRESSIVE;
				CLANG_CXX_LANGUAGE_STANDARD = "gnu++20";
				CLANG_ENABLE_MODULES = YES;
				CLANG_ENABLE_OBJC_ARC = YES;
				CLANG_ENABLE_OBJC_WEAK = YES;
				CLANG_WARN_BLOCK_CAPTURE_AUTORELEASING = YES;
				CLANG_WARN_BOOL_CONVERSION = YES;
				CLANG_WARN_COMMA = YES;
				CLANG_WARN_CONSTANT_CONVERSION = YES;
				CLANG_WARN_DEPRECATED_OBJC_IMPLEMENTATIONS = YES;
				CLANG_WARN_DIRECT_OBJC_ISA_USAGE = YES_ERROR;
				CLANG_WARN_DOCUMENTATION_COMMENTS = YES;
				CLANG_WARN_EMPTY_BODY = YES;
				CLANG_WARN_ENUM_CONVERSION = YES;
				CLANG_WARN_INFINITE_RECURSION = YES;
				CLANG_WARN_INT_CONVERSION = YES;
				CLANG_WARN_NON_LITERAL_NULL_CONVERSION = YES;
				CLANG_WARN_OBJC_IMPLICIT_RETAIN_SELF = YES;
				CLANG_WARN_OBJC_LITERAL_CONVERSION = YES;
				CLANG_WARN_OBJC_ROOT_CLASS = YES_ERROR;
				CLANG_WARN_QUOTED_INCLUDE_IN_FRAMEWORK_HEADER = YES;
				CLANG_WARN_RANGE_LOOP_ANALYSIS = YES;
				CLANG_WARN_STRICT_PROTOTYPES = YES;
				CLANG_WARN_SUSPICIOUS_MOVE = YES;
				CLANG_WARN_UNGUARDED_AVAILABILITY = YES_AGGRESSIVE;
				CLANG_WARN_UNREACHABLE_CODE = YES;
				CLANG_WARN__DUPLICATE_METHOD_MATCH = YES;
				COPY_PHASE_STRIP = NO;
				DEBUG_INFORMATION_FORMAT = "dwarf-with-dsym";
				ENABLE_NS_ASSERTIONS = NO;
				ENABLE_STRICT_OBJC_MSGSEND = YES;
				ENABLE_USER_SCRIPT_SANDBOXING = YES;
				GCC_C_LANGUAGE_STANDARD = gnu17;
				GCC_NO_COMMON_BLOCKS = YES;
				GCC_WARN_64_TO_32_BIT_CONVERSION = YES;
				GCC_WARN_ABOUT_RETURN_TYPE = YES_ERROR;
				GCC_WARN_UNDECLARED_SELECTOR = YES;
				GCC_WARN_UNINITIALIZED_AUTOS = YES_AGGRESSIVE;
				GCC_WARN_UNUSED_FUNCTION = YES;
				GCC_WARN_UNUSED_VARIABLE = YES;
				IPHONEOS_DEPLOYMENT_TARGET = 17.5;
				LOCALIZATION_PREFERS_STRING_CATALOGS = YES;
				MTL_ENABLE_DEBUG_INFO = NO;
				MTL_FAST_MATH = YES;
				SDKROOT = iphoneos;
				SWIFT_COMPILATION_MODE = wholemodule;
				VALIDATE_PRODUCT = YES;
			};
			name = Release;
		};
		EA292C5E2C14D56A00ABE98D /* Debug */ = {
			isa = XCBuildConfiguration;
			buildSettings = {
				ASSETCATALOG_COMPILER_APPICON_NAME = AppIcon;
				ASSETCATALOG_COMPILER_GLOBAL_ACCENT_COLOR_NAME = AccentColor;
				CODE_SIGN_STYLE = Automatic;
				CURRENT_PROJECT_VERSION = 1;
				DEVELOPMENT_ASSET_PATHS = "\"UnicornMultiplication/Preview Content\"";
				DEVELOPMENT_TEAM = 39G9Q8WBV3;
				ENABLE_PREVIEWS = YES;
				GENERATE_INFOPLIST_FILE = YES;
				INFOPLIST_FILE = UnicornMultiplication/Info.plist;
				INFOPLIST_KEY_UIApplicationSceneManifest_Generation = YES;
				INFOPLIST_KEY_UIApplicationSupportsIndirectInputEvents = YES;
				INFOPLIST_KEY_UILaunchScreen_Generation = YES;
				INFOPLIST_KEY_UISupportedInterfaceOrientations_iPad = "UIInterfaceOrientationPortrait UIInterfaceOrientationPortraitUpsideDown UIInterfaceOrientationLandscapeLeft UIInterfaceOrientationLandscapeRight";
				INFOPLIST_KEY_UISupportedInterfaceOrientations_iPhone = "UIInterfaceOrientationPortrait UIInterfaceOrientationLandscapeLeft UIInterfaceOrientationLandscapeRight";
				LD_RUNPATH_SEARCH_PATHS = (
					"$(inherited)",
					"@executable_path/Frameworks",
				);
				MARKETING_VERSION = 1.0;
				PRODUCT_BUNDLE_IDENTIFIER = dev.cyberwool.UnicornMultiplication;
				PRODUCT_NAME = "$(TARGET_NAME)";
				SWIFT_EMIT_LOC_STRINGS = YES;
				SWIFT_VERSION = 5.0;
				TARGETED_DEVICE_FAMILY = "1,2";
			};
			name = Debug;
		};
		EA292C5F2C14D56A00ABE98D /* Release */ = {
			isa = XCBuildConfiguration;
			buildSettings = {
				ASSETCATALOG_COMPILER_APPICON_NAME = AppIcon;
				ASSETCATALOG_COMPILER_GLOBAL_ACCENT_COLOR_NAME = AccentColor;
				CODE_SIGN_STYLE = Automatic;
				CURRENT_PROJECT_VERSION = 1;
				DEVELOPMENT_ASSET_PATHS = "\"UnicornMultiplication/Preview Content\"";
				DEVELOPMENT_TEAM = 39G9Q8WBV3;
				ENABLE_PREVIEWS = YES;
				GENERATE_INFOPLIST_FILE = YES;
				INFOPLIST_FILE = UnicornMultiplication/Info.plist;
				INFOPLIST_KEY_UIApplicationSceneManifest_Generation = YES;
				INFOPLIST_KEY_UIApplicationSupportsIndirectInputEvents = YES;
				INFOPLIST_KEY_UILaunchScreen_Generation = YES;
				INFOPLIST_KEY_UISupportedInterfaceOrientations_iPad = "UIInterfaceOrientationPortrait UIInterfaceOrientationPortraitUpsideDown UIInterfaceOrientationLandscapeLeft UIInterfaceOrientationLandscapeRight";
				INFOPLIST_KEY_UISupportedInterfaceOrientations_iPhone = "UIInterfaceOrientationPortrait UIInterfaceOrientationLandscapeLeft UIInterfaceOrientationLandscapeRight";
				LD_RUNPATH_SEARCH_PATHS = (
					"$(inherited)",
					"@executable_path/Frameworks",
				);
				MARKETING_VERSION = 1.0;
				PRODUCT_BUNDLE_IDENTIFIER = dev.cyberwool.UnicornMultiplication;
				PRODUCT_NAME = "$(TARGET_NAME)";
				SWIFT_EMIT_LOC_STRINGS = YES;
				SWIFT_VERSION = 5.0;
				TARGETED_DEVICE_FAMILY = "1,2";
			};
			name = Release;
		};
/* End XCBuildConfiguration section */

/* Begin XCConfigurationList section */
		EA292C4A2C14D56900ABE98D /* Build configuration list for PBXProject "UnicornMultiplication" */ = {
			isa = XCConfigurationList;
			buildConfigurations = (
				EA292C5B2C14D56A00ABE98D /* Debug */,
				EA292C5C2C14D56A00ABE98D /* Release */,
			);
			defaultConfigurationIsVisible = 0;
			defaultConfigurationName = Release;
		};
		EA292C5D2C14D56A00ABE98D /* Build configuration list for PBXNativeTarget "UnicornMultiplication" */ = {
			isa = XCConfigurationList;
			buildConfigurations = (
				EA292C5E2C14D56A00ABE98D /* Debug */,
				EA292C5F2C14D56A00ABE98D /* Release */,
			);
			defaultConfigurationIsVisible = 0;
			defaultConfigurationName = Release;
		};
/* End XCConfigurationList section */
	};
	rootObject = EA292C472C14D56900ABE98D /* Project object */;
}
